# This file is automatically @generated by Poetry 1.7.0 and should not be changed by hand.

[[package]]
name = "my_local_package"
version = "0.1.0"
description = "A small local package"
optional = false
python-versions = ">=3.8,<4.0"
files = [
    {file = "my_local_package-0.1.0-py3-none-any.whl", hash = "sha256:84ed5e2bb8f89090d3026ab3bbb5feccb3019fc5b5449ae35263e7526c837ac4"},
]

[package.source]
type = "file"
url = "packages/my_local_package-0.1.0-py3-none-any.whl"

[metadata]
lock-version = "2.0"
python-versions = "^3.8"
content-hash = "3ab14eb24ec33d799667e13f04e2ca637e0f963e7a633c19e4ef115234ff640e"
